
Microsoft Visual Studio Solution File, Format Version 12.00
# Visual Studio 15
VisualStudioVersion = 15.0.28307.1082
MinimumVisualStudioVersion = 10.0.40219.1
Project("{FAE04EC0-301F-11D3-BF4B-00C04F79EFBC}") = "yakutcement", "yakutcement\yakutcement.csproj", "{0F9AE4F7-5827-487F-8868-7150E1710787}"
EndProject
Global
	GlobalSection(SolutionConfigurationPlatforms) = preSolution
		Debug|Any CPU = Debug|Any CPU
		Release|Any CPU = Release|Any CPU
	EndGlobalSection
	GlobalSection(ProjectConfigurationPlatforms) = postSolution
		{0F9AE4F7-5827-487F-8868-7150E1710787}.Debug|Any CPU.ActiveCfg = Debug|Any CPU
		{0F9AE4F7-5827-487F-8868-7150E1710787}.Debug|Any CPU.Build.0 = Debug|Any CPU
		{0F9AE4F7-5827-487F-8868-7150E1710787}.Release|Any CPU.ActiveCfg = Release|Any CPU
		{0F9AE4F7-5827-487F-8868-7150E1710787}.Release|Any CPU.Build.0 = Release|Any CPU
	EndGlobalSection
	GlobalSection(SolutionProperties) = preSolution
		HideSolutionNode = FALSE
	EndGlobalSection
	GlobalSection(ExtensibilityGlobals) = postSolution
		SolutionGuid = {DED35E71-2A9B-4EB2-AF96-E9F1D59AAA09}
	EndGlobalSection
EndGlobal
